// !$*UTF8*$!
{
	archiveVersion = 1;
	classes = {
	};
	objectVersion = 52;
	objects = {

/* Begin PBXBuildFile section */
		910062A2257C2DB100834A39 /* weatherappcitiescleaned.json in Resources */ = {isa = PBXBuildFile; fileRef = 910062A1257C2DB100834A39 /* weatherappcitiescleaned.json */; };
		91401363256F9DE900BC6A24 /* AutocompleteField in Frameworks */ = {isa = PBXBuildFile; productRef = 91401362256F9DE900BC6A24 /* AutocompleteField */; };
		9150B54B256FCD7800C32223 /* CityJSON.swift in Sources */ = {isa = PBXBuildFile; fileRef = 9150B54A256FCD7800C32223 /* CityJSON.swift */; };
		9150B54E256FCE3B00C32223 /* Citys.swift in Sources */ = {isa = PBXBuildFile; fileRef = 9150B54D256FCE3B00C32223 /* Citys.swift */; };
		919884972568FC9F00AC5A05 /* AppDelegate.swift in Sources */ = {isa = PBXBuildFile; fileRef = 919884962568FC9F00AC5A05 /* AppDelegate.swift */; };
		9198849B2568FC9F00AC5A05 /* ViewController.swift in Sources */ = {isa = PBXBuildFile; fileRef = 9198849A2568FC9F00AC5A05 /* ViewController.swift */; };
		9198849E2568FC9F00AC5A05 /* Main.storyboard in Resources */ = {isa = PBXBuildFile; fileRef = 9198849C2568FC9F00AC5A05 /* Main.storyboard */; };
		919884A02568FCA000AC5A05 /* Assets.xcassets in Resources */ = {isa = PBXBuildFile; fileRef = 9198849F2568FCA000AC5A05 /* Assets.xcassets */; };
		919884A32568FCA000AC5A05 /* LaunchScreen.storyboard in Resources */ = {isa = PBXBuildFile; fileRef = 919884A12568FCA000AC5A05 /* LaunchScreen.storyboard */; };
		919884AD2568FCD200AC5A05 /* WeatherViewController.swift in Sources */ = {isa = PBXBuildFile; fileRef = 919884AC2568FCD200AC5A05 /* WeatherViewController.swift */; };
		919884B22568FD3E00AC5A05 /* ParseCurrentDay.swift in Sources */ = {isa = PBXBuildFile; fileRef = 919884B12568FD3E00AC5A05 /* ParseCurrentDay.swift */; };
		919884C82568FDC800AC5A05 /* CurrentWeather.swift in Sources */ = {isa = PBXBuildFile; fileRef = 919884C72568FDC800AC5A05 /* CurrentWeather.swift */; };
		919884CB256945DF00AC5A05 /* NextDaysWeather.swift in Sources */ = {isa = PBXBuildFile; fileRef = 919884CA256945DF00AC5A05 /* NextDaysWeather.swift */; };
		919884D22569477B00AC5A05 /* ParseNextDays.swift in Sources */ = {isa = PBXBuildFile; fileRef = 919884D12569477B00AC5A05 /* ParseNextDays.swift */; };
		91D50E4B25920D9200BF2B36 /* FavoriteViewController.swift in Sources */ = {isa = PBXBuildFile; fileRef = 91D50E4A25920D9200BF2B36 /* FavoriteViewController.swift */; };
		91D50E4E25920DB100BF2B36 /* FavoriteViewModel.swift in Sources */ = {isa = PBXBuildFile; fileRef = 91D50E4D25920DB100BF2B36 /* FavoriteViewModel.swift */; };
		91D50E572592109D00BF2B36 /* FavoriteTableViewCell.swift in Sources */ = {isa = PBXBuildFile; fileRef = 91D50E562592109D00BF2B36 /* FavoriteTableViewCell.swift */; };
		91FC1292258DDD7D0012748A /* Bindable.swift in Sources */ = {isa = PBXBuildFile; fileRef = 91FC1291258DDD7D0012748A /* Bindable.swift */; };
		91FC1296258DDD970012748A /* ViewModel.swift in Sources */ = {isa = PBXBuildFile; fileRef = 91FC1295258DDD970012748A /* ViewModel.swift */; };
		91FC129A258DE48A0012748A /* Extensions.swift in Sources */ = {isa = PBXBuildFile; fileRef = 91FC1299258DE48A0012748A /* Extensions.swift */; };
		91FC12A4258DF7D10012748A /* RequestManager.swift in Sources */ = {isa = PBXBuildFile; fileRef = 91FC12A3258DF7D10012748A /* RequestManager.swift */; };
		91FC12AB258E05C60012748A /* WeatherViewModel.swift in Sources */ = {isa = PBXBuildFile; fileRef = 91FC12AA258E05C60012748A /* WeatherViewModel.swift */; };
		A7688975A01C52B2029DDD79 /* Pods_WeatherAppDiplom.framework in Frameworks */ = {isa = PBXBuildFile; fileRef = 7D256B775291131A5A677674 /* Pods_WeatherAppDiplom.framework */; };
/* End PBXBuildFile section */

/* Begin PBXFileReference section */
		5691D0A6DD2399CD2E503974 /* Pods-WeatherAppDiplom.release.xcconfig */ = {isa = PBXFileReference; includeInIndex = 1; lastKnownFileType = text.xcconfig; name = "Pods-WeatherAppDiplom.release.xcconfig"; path = "Target Support Files/Pods-WeatherAppDiplom/Pods-WeatherAppDiplom.release.xcconfig"; sourceTree = "<group>"; };
		7D256B775291131A5A677674 /* Pods_WeatherAppDiplom.framework */ = {isa = PBXFileReference; explicitFileType = wrapper.framework; includeInIndex = 0; path = Pods_WeatherAppDiplom.framework; sourceTree = BUILT_PRODUCTS_DIR; };
		910062A1257C2DB100834A39 /* weatherappcitiescleaned.json */ = {isa = PBXFileReference; fileEncoding = 4; lastKnownFileType = text.json; path = weatherappcitiescleaned.json; sourceTree = "<group>"; };
		9150B54A256FCD7800C32223 /* CityJSON.swift */ = {isa = PBXFileReference; lastKnownFileType = sourcecode.swift; path = CityJSON.swift; sourceTree = "<group>"; };
		9150B54D256FCE3B00C32223 /* Citys.swift */ = {isa = PBXFileReference; lastKnownFileType = sourcecode.swift; path = Citys.swift; sourceTree = "<group>"; };
		919884932568FC9F00AC5A05 /* WeatherAppDiplom.app */ = {isa = PBXFileReference; explicitFileType = wrapper.application; includeInIndex = 0; path = WeatherAppDiplom.app; sourceTree = BUILT_PRODUCTS_DIR; };
		919884962568FC9F00AC5A05 /* AppDelegate.swift */ = {isa = PBXFileReference; lastKnownFileType = sourcecode.swift; path = AppDelegate.swift; sourceTree = "<group>"; };
		9198849A2568FC9F00AC5A05 /* ViewController.swift */ = {isa = PBXFileReference; lastKnownFileType = sourcecode.swift; path = ViewController.swift; sourceTree = "<group>"; };
		9198849D2568FC9F00AC5A05 /* Base */ = {isa = PBXFileReference; lastKnownFileType = file.storyboard; name = Base; path = Base.lproj/Main.storyboard; sourceTree = "<group>"; };
		9198849F2568FCA000AC5A05 /* Assets.xcassets */ = {isa = PBXFileReference; lastKnownFileType = folder.assetcatalog; path = Assets.xcassets; sourceTree = "<group>"; };
		919884A22568FCA000AC5A05 /* Base */ = {isa = PBXFileReference; lastKnownFileType = file.storyboard; name = Base; path = Base.lproj/LaunchScreen.storyboard; sourceTree = "<group>"; };
		919884A42568FCA000AC5A05 /* Info.plist */ = {isa = PBXFileReference; lastKnownFileType = text.plist.xml; path = Info.plist; sourceTree = "<group>"; };
		919884AC2568FCD200AC5A05 /* WeatherViewController.swift */ = {isa = PBXFileReference; lastKnownFileType = sourcecode.swift; path = WeatherViewController.swift; sourceTree = "<group>"; };
		919884B12568FD3E00AC5A05 /* ParseCurrentDay.swift */ = {isa = PBXFileReference; lastKnownFileType = sourcecode.swift; path = ParseCurrentDay.swift; sourceTree = "<group>"; };
		919884C72568FDC800AC5A05 /* CurrentWeather.swift */ = {isa = PBXFileReference; lastKnownFileType = sourcecode.swift; path = CurrentWeather.swift; sourceTree = "<group>"; };
		919884CA256945DF00AC5A05 /* NextDaysWeather.swift */ = {isa = PBXFileReference; lastKnownFileType = sourcecode.swift; path = NextDaysWeather.swift; sourceTree = "<group>"; };
		919884D12569477B00AC5A05 /* ParseNextDays.swift */ = {isa = PBXFileReference; lastKnownFileType = sourcecode.swift; path = ParseNextDays.swift; sourceTree = "<group>"; };
		91D50E4A25920D9200BF2B36 /* FavoriteViewController.swift */ = {isa = PBXFileReference; lastKnownFileType = sourcecode.swift; path = FavoriteViewController.swift; sourceTree = "<group>"; };
		91D50E4D25920DB100BF2B36 /* FavoriteViewModel.swift */ = {isa = PBXFileReference; lastKnownFileType = sourcecode.swift; path = FavoriteViewModel.swift; sourceTree = "<group>"; };
		91D50E562592109D00BF2B36 /* FavoriteTableViewCell.swift */ = {isa = PBXFileReference; lastKnownFileType = sourcecode.swift; path = FavoriteTableViewCell.swift; sourceTree = "<group>"; };
		91FC1291258DDD7D0012748A /* Bindable.swift */ = {isa = PBXFileReference; lastKnownFileType = sourcecode.swift; path = Bindable.swift; sourceTree = "<group>"; };
		91FC1295258DDD970012748A /* ViewModel.swift */ = {isa = PBXFileReference; lastKnownFileType = sourcecode.swift; path = ViewModel.swift; sourceTree = "<group>"; };
		91FC1299258DE48A0012748A /* Extensions.swift */ = {isa = PBXFileReference; lastKnownFileType = sourcecode.swift; path = Extensions.swift; sourceTree = "<group>"; };
		91FC12A3258DF7D10012748A /* RequestManager.swift */ = {isa = PBXFileReference; lastKnownFileType = sourcecode.swift; path = RequestManager.swift; sourceTree = "<group>"; };
		91FC12AA258E05C60012748A /* WeatherViewModel.swift */ = {isa = PBXFileReference; lastKnownFileType = sourcecode.swift; path = WeatherViewModel.swift; sourceTree = "<group>"; };
		C0CBE73701D7485BF20A2226 /* Pods-WeatherAppDiplom.debug.xcconfig */ = {isa = PBXFileReference; includeInIndex = 1; lastKnownFileType = text.xcconfig; name = "Pods-WeatherAppDiplom.debug.xcconfig"; path = "Target Support Files/Pods-WeatherAppDiplom/Pods-WeatherAppDiplom.debug.xcconfig"; sourceTree = "<group>"; };
/* End PBXFileReference section */

/* Begin PBXFrameworksBuildPhase section */
		919884902568FC9F00AC5A05 /* Frameworks */ = {
			isa = PBXFrameworksBuildPhase;
			buildActionMask = 2147483647;
			files = (
				91401363256F9DE900BC6A24 /* AutocompleteField in Frameworks */,
				A7688975A01C52B2029DDD79 /* Pods_WeatherAppDiplom.framework in Frameworks */,
			);
			runOnlyForDeploymentPostprocessing = 0;
		};
/* End PBXFrameworksBuildPhase section */

/* Begin PBXGroup section */
		3967B37DFF4AE38A0D48769E /* Frameworks */ = {
			isa = PBXGroup;
			children = (
				7D256B775291131A5A677674 /* Pods_WeatherAppDiplom.framework */,
			);
			name = Frameworks;
			sourceTree = "<group>";
		};
		4FDF2C3039AD816ED13E09CE /* Pods */ = {
			isa = PBXGroup;
			children = (
				C0CBE73701D7485BF20A2226 /* Pods-WeatherAppDiplom.debug.xcconfig */,
				5691D0A6DD2399CD2E503974 /* Pods-WeatherAppDiplom.release.xcconfig */,
			);
			path = Pods;
			sourceTree = "<group>";
		};
		911879CE258FF8C800E4CC70 /* Supporting files */ = {
			isa = PBXGroup;
			children = (
				919884962568FC9F00AC5A05 /* AppDelegate.swift */,
				9198849F2568FCA000AC5A05 /* Assets.xcassets */,
				919884A42568FCA000AC5A05 /* Info.plist */,
			);
			path = "Supporting files";
			sourceTree = "<group>";
		};
		911879D0258FFB0B00E4CC70 /* View */ = {
			isa = PBXGroup;
			children = (
				919884A12568FCA000AC5A05 /* LaunchScreen.storyboard */,
				9198849C2568FC9F00AC5A05 /* Main.storyboard */,
			);
			path = View;
			sourceTree = "<group>";
		};
		9150B546256FCCF000C32223 /* CityJSON */ = {
			isa = PBXGroup;
			children = (
				910062A1257C2DB100834A39 /* weatherappcitiescleaned.json */,
				9150B54A256FCD7800C32223 /* CityJSON.swift */,
				9150B54D256FCE3B00C32223 /* Citys.swift */,
			);
			path = CityJSON;
			sourceTree = "<group>";
		};
		9198848A2568FC9F00AC5A05 = {
			isa = PBXGroup;
			children = (
				919884952568FC9F00AC5A05 /* WeatherAppDiplom */,
				919884942568FC9F00AC5A05 /* Products */,
				4FDF2C3039AD816ED13E09CE /* Pods */,
				3967B37DFF4AE38A0D48769E /* Frameworks */,
			);
			sourceTree = "<group>";
		};
		919884942568FC9F00AC5A05 /* Products */ = {
			isa = PBXGroup;
			children = (
				919884932568FC9F00AC5A05 /* WeatherAppDiplom.app */,
			);
			name = Products;
			sourceTree = "<group>";
		};
		919884952568FC9F00AC5A05 /* WeatherAppDiplom */ = {
			isa = PBXGroup;
			children = (
				91D50E502592105A00BF2B36 /* Cells */,
				91FC1298258DE47B0012748A /* Extensions */,
				91FC12A2258DF7BF0012748A /* Model */,
				91D50E4925920D5E00BF2B36 /* FavoriteViewController */,
				911879D0258FFB0B00E4CC70 /* View */,
				91FC12A9258E05A10012748A /* WeatherViewController */,
				91FC1290258DDD430012748A /* MainViewController */,
				919884B02568FCF000AC5A05 /* WeatherClasses */,
				9150B546256FCCF000C32223 /* CityJSON */,
				911879CE258FF8C800E4CC70 /* Supporting files */,
			);
			path = WeatherAppDiplom;
			sourceTree = "<group>";
		};
		919884B02568FCF000AC5A05 /* WeatherClasses */ = {
			isa = PBXGroup;
			children = (
				919884C72568FDC800AC5A05 /* CurrentWeather.swift */,
				919884CA256945DF00AC5A05 /* NextDaysWeather.swift */,
			);
			path = WeatherClasses;
			sourceTree = "<group>";
		};
		91D50E4925920D5E00BF2B36 /* FavoriteViewController */ = {
			isa = PBXGroup;
			children = (
				91D50E4A25920D9200BF2B36 /* FavoriteViewController.swift */,
				91D50E4D25920DB100BF2B36 /* FavoriteViewModel.swift */,
			);
			path = FavoriteViewController;
			sourceTree = "<group>";
		};
		91D50E502592105A00BF2B36 /* Cells */ = {
			isa = PBXGroup;
			children = (
				91D50E562592109D00BF2B36 /* FavoriteTableViewCell.swift */,
			);
			path = Cells;
			sourceTree = "<group>";
		};
		91FC1290258DDD430012748A /* MainViewController */ = {
			isa = PBXGroup;
			children = (
				9198849A2568FC9F00AC5A05 /* ViewController.swift */,
				91FC1295258DDD970012748A /* ViewModel.swift */,
			);
			path = MainViewController;
			sourceTree = "<group>";
		};
		91FC1298258DE47B0012748A /* Extensions */ = {
			isa = PBXGroup;
			children = (
				91FC1299258DE48A0012748A /* Extensions.swift */,
			);
			path = Extensions;
			sourceTree = "<group>";
		};
		91FC12A2258DF7BF0012748A /* Model */ = {
			isa = PBXGroup;
			children = (
				919884B12568FD3E00AC5A05 /* ParseCurrentDay.swift */,
				919884D12569477B00AC5A05 /* ParseNextDays.swift */,
				91FC1291258DDD7D0012748A /* Bindable.swift */,
				91FC12A3258DF7D10012748A /* RequestManager.swift */,
			);
			path = Model;
			sourceTree = "<group>";
		};
		91FC12A9258E05A10012748A /* WeatherViewController */ = {
			isa = PBXGroup;
			children = (
				919884AC2568FCD200AC5A05 /* WeatherViewController.swift */,
				91FC12AA258E05C60012748A /* WeatherViewModel.swift */,
			);
			path = WeatherViewController;
			sourceTree = "<group>";
		};
/* End PBXGroup section */

/* Begin PBXNativeTarget section */
		919884922568FC9F00AC5A05 /* WeatherAppDiplom */ = {
			isa = PBXNativeTarget;
			buildConfigurationList = 919884A72568FCA000AC5A05 /* Build configuration list for PBXNativeTarget "WeatherAppDiplom" */;
			buildPhases = (
				38F6FB603839C934057A7066 /* [CP] Check Pods Manifest.lock */,
				9198848F2568FC9F00AC5A05 /* Sources */,
				919884902568FC9F00AC5A05 /* Frameworks */,
				919884912568FC9F00AC5A05 /* Resources */,
				1F6E12673EB9D7C287B44FC9 /* [CP] Embed Pods Frameworks */,
			);
			buildRules = (
			);
			dependencies = (
			);
			name = WeatherAppDiplom;
			packageProductDependencies = (
				91401362256F9DE900BC6A24 /* AutocompleteField */,
			);
			productName = WeatherAppDiplom;
			productReference = 919884932568FC9F00AC5A05 /* WeatherAppDiplom.app */;
			productType = "com.apple.product-type.application";
		};
/* End PBXNativeTarget section */

/* Begin PBXProject section */
		9198848B2568FC9F00AC5A05 /* Project object */ = {
			isa = PBXProject;
			attributes = {
				LastSwiftUpdateCheck = 1220;
				LastUpgradeCheck = 1220;
				TargetAttributes = {
					919884922568FC9F00AC5A05 = {
						CreatedOnToolsVersion = 12.2;
					};
				};
			};
			buildConfigurationList = 9198848E2568FC9F00AC5A05 /* Build configuration list for PBXProject "WeatherAppDiplom" */;
			compatibilityVersion = "Xcode 9.3";
			developmentRegion = en;
			hasScannedForEncodings = 0;
			knownRegions = (
				en,
				Base,
			);
			mainGroup = 9198848A2568FC9F00AC5A05;
			packageReferences = (
				91401361256F9DE900BC6A24 /* XCRemoteSwiftPackageReference "AutocompleteField" */,
				913C2615257127AC00E3AFB7 /* XCRemoteSwiftPackageReference "Alamofire" */,
			);
			productRefGroup = 919884942568FC9F00AC5A05 /* Products */;
			projectDirPath = "";
			projectRoot = "";
			targets = (
				919884922568FC9F00AC5A05 /* WeatherAppDiplom */,
			);
		};
/* End PBXProject section */

/* Begin PBXResourcesBuildPhase section */
		919884912568FC9F00AC5A05 /* Resources */ = {
			isa = PBXResourcesBuildPhase;
			buildActionMask = 2147483647;
			files = (
				910062A2257C2DB100834A39 /* weatherappcitiescleaned.json in Resources */,
				919884A32568FCA000AC5A05 /* LaunchScreen.storyboard in Resources */,
				919884A02568FCA000AC5A05 /* Assets.xcassets in Resources */,
				9198849E2568FC9F00AC5A05 /* Main.storyboard in Resources */,
			);
			runOnlyForDeploymentPostprocessing = 0;
		};
/* End PBXResourcesBuildPhase section */

/* Begin PBXShellScriptBuildPhase section */
		1F6E12673EB9D7C287B44FC9 /* [CP] Embed Pods Frameworks */ = {
			isa = PBXShellScriptBuildPhase;
			buildActionMask = 2147483647;
			files = (
			);
			inputFileListPaths = (
				"${PODS_ROOT}/Target Support Files/Pods-WeatherAppDiplom/Pods-WeatherAppDiplom-frameworks-${CONFIGURATION}-input-files.xcfilelist",
			);
			name = "[CP] Embed Pods Frameworks";
			outputFileListPaths = (
				"${PODS_ROOT}/Target Support Files/Pods-WeatherAppDiplom/Pods-WeatherAppDiplom-frameworks-${CONFIGURATION}-output-files.xcfilelist",
			);
			runOnlyForDeploymentPostprocessing = 0;
			shellPath = /bin/sh;
			shellScript = "\"${PODS_ROOT}/Target Support Files/Pods-WeatherAppDiplom/Pods-WeatherAppDiplom-frameworks.sh\"\n";
			showEnvVarsInLog = 0;
		};
		38F6FB603839C934057A7066 /* [CP] Check Pods Manifest.lock */ = {
			isa = PBXShellScriptBuildPhase;
			buildActionMask = 2147483647;
			files = (
			);
			inputFileListPaths = (
			);
			inputPaths = (
				"${PODS_PODFILE_DIR_PATH}/Podfile.lock",
				"${PODS_ROOT}/Manifest.lock",
			);
			name = "[CP] Check Pods Manifest.lock";
			outputFileListPaths = (
			);
			outputPaths = (
				"$(DERIVED_FILE_DIR)/Pods-WeatherAppDiplom-checkManifestLockResult.txt",
			);
			runOnlyForDeploymentPostprocessing = 0;
			shellPath = /bin/sh;
			shellScript = "diff \"${PODS_PODFILE_DIR_PATH}/Podfile.lock\" \"${PODS_ROOT}/Manifest.lock\" > /dev/null\nif [ $? != 0 ] ; then\n    # print error to STDERR\n    echo \"error: The sandbox is not in sync with the Podfile.lock. Run 'pod install' or update your CocoaPods installation.\" >&2\n    exit 1\nfi\n# This output is used by Xcode 'outputs' to avoid re-running this script phase.\necho \"SUCCESS\" > \"${SCRIPT_OUTPUT_FILE_0}\"\n";
			showEnvVarsInLog = 0;
		};
/* End PBXShellScriptBuildPhase section */

/* Begin PBXSourcesBuildPhase section */
		9198848F2568FC9F00AC5A05 /* Sources */ = {
			isa = PBXSourcesBuildPhase;
			buildActionMask = 2147483647;
			files = (
				919884B22568FD3E00AC5A05 /* ParseCurrentDay.swift in Sources */,
				91FC129A258DE48A0012748A /* Extensions.swift in Sources */,
				919884C82568FDC800AC5A05 /* CurrentWeather.swift in Sources */,
				9198849B2568FC9F00AC5A05 /* ViewController.swift in Sources */,
				91D50E4B25920D9200BF2B36 /* FavoriteViewController.swift in Sources */,
				919884D22569477B00AC5A05 /* ParseNextDays.swift in Sources */,
				91D50E572592109D00BF2B36 /* FavoriteTableViewCell.swift in Sources */,
				91FC1296258DDD970012748A /* ViewModel.swift in Sources */,
				919884CB256945DF00AC5A05 /* NextDaysWeather.swift in Sources */,
				919884AD2568FCD200AC5A05 /* WeatherViewController.swift in Sources */,
				9150B54B256FCD7800C32223 /* CityJSON.swift in Sources */,
				919884972568FC9F00AC5A05 /* AppDelegate.swift in Sources */,
				91FC12A4258DF7D10012748A /* RequestManager.swift in Sources */,
				9150B54E256FCE3B00C32223 /* Citys.swift in Sources */,
				91FC1292258DDD7D0012748A /* Bindable.swift in Sources */,
				91D50E4E25920DB100BF2B36 /* FavoriteViewModel.swift in Sources */,
				91FC12AB258E05C60012748A /* WeatherViewModel.swift in Sources */,
			);
			runOnlyForDeploymentPostprocessing = 0;
		};
/* End PBXSourcesBuildPhase section */

/* Begin PBXVariantGroup section */
		9198849C2568FC9F00AC5A05 /* Main.storyboard */ = {
			isa = PBXVariantGroup;
			children = (
				9198849D2568FC9F00AC5A05 /* Base */,
			);
			name = Main.storyboard;
			sourceTree = "<group>";
		};
		919884A12568FCA000AC5A05 /* LaunchScreen.storyboard */ = {
			isa = PBXVariantGroup;
			children = (
				919884A22568FCA000AC5A05 /* Base */,
			);
			name = LaunchScreen.storyboard;
			sourceTree = "<group>";
		};
/* End PBXVariantGroup section */

/* Begin XCBuildConfiguration section */
		919884A52568FCA000AC5A05 /* Debug */ = {
			isa = XCBuildConfiguration;
			buildSettings = {
				ALWAYS_SEARCH_USER_PATHS = NO;
				CLANG_ANALYZER_NONNULL = YES;
				CLANG_ANALYZER_NUMBER_OBJECT_CONVERSION = YES_AGGRESSIVE;
				CLANG_CXX_LANGUAGE_STANDARD = "gnu++14";
				CLANG_CXX_LIBRARY = "libc++";
				CLANG_ENABLE_MODULES = YES;
				CLANG_ENABLE_OBJC_ARC = YES;
				CLANG_ENABLE_OBJC_WEAK = YES;
				CLANG_WARN_BLOCK_CAPTURE_AUTORELEASING = YES;
				CLANG_WARN_BOOL_CONVERSION = YES;
				CLANG_WARN_COMMA = YES;
				CLANG_WARN_CONSTANT_CONVERSION = YES;
				CLANG_WARN_DEPRECATED_OBJC_IMPLEMENTATIONS = YES;
				CLANG_WARN_DIRECT_OBJC_ISA_USAGE = YES_ERROR;
				CLANG_WARN_DOCUMENTATION_COMMENTS = YES;
				CLANG_WARN_EMPTY_BODY = YES;
				CLANG_WARN_ENUM_CONVERSION = YES;
				CLANG_WARN_INFINITE_RECURSION = YES;
				CLANG_WARN_INT_CONVERSION = YES;
				CLANG_WARN_NON_LITERAL_NULL_CONVERSION = YES;
				CLANG_WARN_OBJC_IMPLICIT_RETAIN_SELF = YES;
				CLANG_WARN_OBJC_LITERAL_CONVERSION = YES;
				CLANG_WARN_OBJC_ROOT_CLASS = YES_ERROR;
				CLANG_WARN_QUOTED_INCLUDE_IN_FRAMEWORK_HEADER = YES;
				CLANG_WARN_RANGE_LOOP_ANALYSIS = YES;
				CLANG_WARN_STRICT_PROTOTYPES = YES;
				CLANG_WARN_SUSPICIOUS_MOVE = YES;
				CLANG_WARN_UNGUARDED_AVAILABILITY = YES_AGGRESSIVE;
				CLANG_WARN_UNREACHABLE_CODE = YES;
				CLANG_WARN__DUPLICATE_METHOD_MATCH = YES;
				COPY_PHASE_STRIP = NO;
				DEBUG_INFORMATION_FORMAT = dwarf;
				ENABLE_STRICT_OBJC_MSGSEND = YES;
				ENABLE_TESTABILITY = YES;
				GCC_C_LANGUAGE_STANDARD = gnu11;
				GCC_DYNAMIC_NO_PIC = NO;
				GCC_NO_COMMON_BLOCKS = YES;
				GCC_OPTIMIZATION_LEVEL = 0;
				GCC_PREPROCESSOR_DEFINITIONS = (
					"DEBUG=1",
					"$(inherited)",
				);
				GCC_WARN_64_TO_32_BIT_CONVERSION = YES;
				GCC_WARN_ABOUT_RETURN_TYPE = YES_ERROR;
				GCC_WARN_UNDECLARED_SELECTOR = YES;
				GCC_WARN_UNINITIALIZED_AUTOS = YES_AGGRESSIVE;
				GCC_WARN_UNUSED_FUNCTION = YES;
				GCC_WARN_UNUSED_VARIABLE = YES;
				IPHONEOS_DEPLOYMENT_TARGET = 14.2;
				MTL_ENABLE_DEBUG_INFO = INCLUDE_SOURCE;
				MTL_FAST_MATH = YES;
				ONLY_ACTIVE_ARCH = YES;
				SDKROOT = iphoneos;
				SWIFT_ACTIVE_COMPILATION_CONDITIONS = DEBUG;
				SWIFT_OPTIMIZATION_LEVEL = "-Onone";
			};
			name = Debug;
		};
		919884A62568FCA000AC5A05 /* Release */ = {
			isa = XCBuildConfiguration;
			buildSettings = {
				ALWAYS_SEARCH_USER_PATHS = NO;
				CLANG_ANALYZER_NONNULL = YES;
				CLANG_ANALYZER_NUMBER_OBJECT_CONVERSION = YES_AGGRESSIVE;
				CLANG_CXX_LANGUAGE_STANDARD = "gnu++14";
				CLANG_CXX_LIBRARY = "libc++";
				CLANG_ENABLE_MODULES = YES;
				CLANG_ENABLE_OBJC_ARC = YES;
				CLANG_ENABLE_OBJC_WEAK = YES;
				CLANG_WARN_BLOCK_CAPTURE_AUTORELEASING = YES;
				CLANG_WARN_BOOL_CONVERSION = YES;
				CLANG_WARN_COMMA = YES;
				CLANG_WARN_CONSTANT_CONVERSION = YES;
				CLANG_WARN_DEPRECATED_OBJC_IMPLEMENTATIONS = YES;
				CLANG_WARN_DIRECT_OBJC_ISA_USAGE = YES_ERROR;
				CLANG_WARN_DOCUMENTATION_COMMENTS = YES;
				CLANG_WARN_EMPTY_BODY = YES;
				CLANG_WARN_ENUM_CONVERSION = YES;
				CLANG_WARN_INFINITE_RECURSION = YES;
				CLANG_WARN_INT_CONVERSION = YES;
				CLANG_WARN_NON_LITERAL_NULL_CONVERSION = YES;
				CLANG_WARN_OBJC_IMPLICIT_RETAIN_SELF = YES;
				CLANG_WARN_OBJC_LITERAL_CONVERSION = YES;
				CLANG_WARN_OBJC_ROOT_CLASS = YES_ERROR;
				CLANG_WARN_QUOTED_INCLUDE_IN_FRAMEWORK_HEADER = YES;
				CLANG_WARN_RANGE_LOOP_ANALYSIS = YES;
				CLANG_WARN_STRICT_PROTOTYPES = YES;
				CLANG_WARN_SUSPICIOUS_MOVE = YES;
				CLANG_WARN_UNGUARDED_AVAILABILITY = YES_AGGRESSIVE;
				CLANG_WARN_UNREACHABLE_CODE = YES;
				CLANG_WARN__DUPLICATE_METHOD_MATCH = YES;
				COPY_PHASE_STRIP = NO;
				DEBUG_INFORMATION_FORMAT = "dwarf-with-dsym";
				ENABLE_NS_ASSERTIONS = NO;
				ENABLE_STRICT_OBJC_MSGSEND = YES;
				GCC_C_LANGUAGE_STANDARD = gnu11;
				GCC_NO_COMMON_BLOCKS = YES;
				GCC_WARN_64_TO_32_BIT_CONVERSION = YES;
				GCC_WARN_ABOUT_RETURN_TYPE = YES_ERROR;
				GCC_WARN_UNDECLARED_SELECTOR = YES;
				GCC_WARN_UNINITIALIZED_AUTOS = YES_AGGRESSIVE;
				GCC_WARN_UNUSED_FUNCTION = YES;
				GCC_WARN_UNUSED_VARIABLE = YES;
				IPHONEOS_DEPLOYMENT_TARGET = 14.2;
				MTL_ENABLE_DEBUG_INFO = NO;
				MTL_FAST_MATH = YES;
				SDKROOT = iphoneos;
				SWIFT_COMPILATION_MODE = wholemodule;
				SWIFT_OPTIMIZATION_LEVEL = "-O";
				VALIDATE_PRODUCT = YES;
			};
			name = Release;
		};
		919884A82568FCA000AC5A05 /* Debug */ = {
			isa = XCBuildConfiguration;
			baseConfigurationReference = C0CBE73701D7485BF20A2226 /* Pods-WeatherAppDiplom.debug.xcconfig */;
			buildSettings = {
				ASSETCATALOG_COMPILER_APPICON_NAME = AppIcon;
				ASSETCATALOG_COMPILER_GLOBAL_ACCENT_COLOR_NAME = AccentColor;
				CODE_SIGN_STYLE = Automatic;
				DEVELOPMENT_TEAM = X2J5K4ATY6;
				INFOPLIST_FILE = "WeatherAppDiplom/Supporting files/Info.plist";
				LD_RUNPATH_SEARCH_PATHS = (
					"$(inherited)",
					"@executable_path/Frameworks",
				);
				PRODUCT_BUNDLE_IDENTIFIER = AndreyZamiralov.SextantWeather;
				PRODUCT_NAME = "$(TARGET_NAME)";
				SWIFT_VERSION = 5.0;
				TARGETED_DEVICE_FAMILY = 1;
			};
			name = Debug;
		};
		919884A92568FCA000AC5A05 /* Release */ = {
			isa = XCBuildConfiguration;
			baseConfigurationReference = 5691D0A6DD2399CD2E503974 /* Pods-WeatherAppDiplom.release.xcconfig */;
			buildSettings = {
				ASSETCATALOG_COMPILER_APPICON_NAME = AppIcon;
				ASSETCATALOG_COMPILER_GLOBAL_ACCENT_COLOR_NAME = AccentColor;
				CODE_SIGN_STYLE = Automatic;
				DEVELOPMENT_TEAM = X2J5K4ATY6;
				INFOPLIST_FILE = "WeatherAppDiplom/Supporting files/Info.plist";
				LD_RUNPATH_SEARCH_PATHS = (
					"$(inherited)",
					"@executable_path/Frameworks",
				);
				PRODUCT_BUNDLE_IDENTIFIER = AndreyZamiralov.SextantWeather;
				PRODUCT_NAME = "$(TARGET_NAME)";
				SWIFT_VERSION = 5.0;
				TARGETED_DEVICE_FAMILY = 1;
			};
			name = Release;
		};
/* End XCBuildConfiguration section */

/* Begin XCConfigurationList section */
		9198848E2568FC9F00AC5A05 /* Build configuration list for PBXProject "WeatherAppDiplom" */ = {
			isa = XCConfigurationList;
			buildConfigurations = (
				919884A52568FCA000AC5A05 /* Debug */,
				919884A62568FCA000AC5A05 /* Release */,
			);
			defaultConfigurationIsVisible = 0;
			defaultConfigurationName = Release;
		};
		919884A72568FCA000AC5A05 /* Build configuration list for PBXNativeTarget "WeatherAppDiplom" */ = {
			isa = XCConfigurationList;
			buildConfigurations = (
				919884A82568FCA000AC5A05 /* Debug */,
				919884A92568FCA000AC5A05 /* Release */,
			);
			defaultConfigurationIsVisible = 0;
			defaultConfigurationName = Release;
		};
/* End XCConfigurationList section */

/* Begin XCRemoteSwiftPackageReference section */
		913C2615257127AC00E3AFB7 /* XCRemoteSwiftPackageReference "Alamofire" */ = {
			isa = XCRemoteSwiftPackageReference;
			repositoryURL = "https://github.com/Alamofire/Alamofire.git";
			requirement = {
				kind = upToNextMajorVersion;
				minimumVersion = 5.4.0;
			};
		};
		91401361256F9DE900BC6A24 /* XCRemoteSwiftPackageReference "AutocompleteField" */ = {
			isa = XCRemoteSwiftPackageReference;
			repositoryURL = "https://github.com/filipstefansson/AutocompleteField.git";
			requirement = {
				branch = master;
				kind = branch;
			};
		};
/* End XCRemoteSwiftPackageReference section */

/* Begin XCSwiftPackageProductDependency section */
		91401362256F9DE900BC6A24 /* AutocompleteField */ = {
			isa = XCSwiftPackageProductDependency;
			package = 91401361256F9DE900BC6A24 /* XCRemoteSwiftPackageReference "AutocompleteField" */;
			productName = AutocompleteField;
		};
/* End XCSwiftPackageProductDependency section */
	};
	rootObject = 9198848B2568FC9F00AC5A05 /* Project object */;
}
